
Microsoft Visual Studio Solution File, Format Version 12.00
# Visual Studio Version 16
VisualStudioVersion = 16.0.31205.134
MinimumVisualStudioVersion = 10.0.40219.1
Project("{FAE04EC0-301F-11D3-BF4B-00C04F79EFBC}") = "HCWebApp", "HCWebApp\HCWebApp.csproj", "{47FD6766-3F97-48DB-8BF5-421E971A3B8A}"
EndProject
Global
	GlobalSection(SolutionConfigurationPlatforms) = preSolution
		Debug|Any CPU = Debug|Any CPU
		Release|Any CPU = Release|Any CPU
	EndGlobalSection
	GlobalSection(ProjectConfigurationPlatforms) = postSolution
		{47FD6766-3F97-48DB-8BF5-421E971A3B8A}.Debug|Any CPU.ActiveCfg = Debug|Any CPU
		{47FD6766-3F97-48DB-8BF5-421E971A3B8A}.Debug|Any CPU.Build.0 = Debug|Any CPU
		{47FD6766-3F97-48DB-8BF5-421E971A3B8A}.Release|Any CPU.ActiveCfg = Release|Any CPU
		{47FD6766-3F97-48DB-8BF5-421E971A3B8A}.Release|Any CPU.Build.0 = Release|Any CPU
	EndGlobalSection
	GlobalSection(SolutionProperties) = preSolution
		HideSolutionNode = FALSE
	EndGlobalSection
	GlobalSection(ExtensibilityGlobals) = postSolution
		SolutionGuid = {3CDE4E7F-D7A5-4CF1-B212-B231019FE0C4}
	EndGlobalSection
EndGlobal
